<?xml version="1.0" encoding="utf-8"?>
<Project ToolsVersion="4.0" xmlns="http://schemas.microsoft.com/developer/msbuild/2003">
  <ItemGroup>
    <Filter Include="src">
      <UniqueIdentifier>{b71c323e-9bd7-410e-8e35-0b04e6d03ac2}</UniqueIdentifier>
    </Filter>
  </ItemGroup>
  <ItemGroup>
    <ClInclude Include="types\State.h" />
    <ClInclude Include="types\ObjectManager.h" />
    <ClInclude Include="tools\IdCreator.h" />
    <ClInclude Include="types\Character.h" />
    <ClInclude Include="include\BaseLogger.h" />
    <ClInclude Include="include\CommSingleton.h" />
    <ClInclude Include="include\BaseObject.h" />
    <ClInclude Include="include\StrFormat.h" />
    <ClInclude Include="include\TypeRegSingleton.h" />
    <ClInclude Include="tools\Configure.h" />
    <ClInclude Include="tools\MemberFuncRegister.h" />
    <ClInclude Include="tools\Trait.h" />
    <ClInclude Include="tools\CrudePointer.h" />
    <ClInclude Include="tools\MyTime.h" />
    <ClInclude Include="tools\ComposedLog.h" />
  </ItemGroup>
  <ItemGroup>
    <ClCompile Include="main.cpp" />
    <ClCompile Include="types\State.cpp" />
    <ClCompile Include="tools\IdCreator.cpp" />
    <ClCompile Include="types\ObjectManager.cpp" />
    <ClCompile Include="types\Character.cpp" />
    <ClCompile Include="commsrc\BaseLogger.cpp" />
    <ClCompile Include="commsrc\StrFormat.cpp" />
    <ClCompile Include="tools\Configure.cpp" />
    <ClCompile Include="tools\MemberFuncRegister.cpp" />
    <ClCompile Include="tools\Trait.cpp" />
    <ClCompile Include="tools\MyTime.cpp" />
  </ItemGroup>
  <ItemGroup>
    <Text Include="README.txt" />
  </ItemGroup>
</Project>